
Microsoft Visual Studio Solution File, Format Version 12.00
# Visual Studio Version 17
VisualStudioVersion = 17.8.34525.116
MinimumVisualStudioVersion = 10.0.40219.1
Project("{9A19103F-16F7-4668-BE54-9A1E7A4F7556}") = "File_System", "File_System\File_System.csproj", "{9BFAA8D2-F8E6-4507-924B-BA3DAE6524A2}"
EndProject
Global
	GlobalSection(SolutionConfigurationPlatforms) = preSolution
		Debug|Any CPU = Debug|Any CPU
		Release|Any CPU = Release|Any CPU
	EndGlobalSection
	GlobalSection(ProjectConfigurationPlatforms) = postSolution
		{9BFAA8D2-F8E6-4507-924B-BA3DAE6524A2}.Debug|Any CPU.ActiveCfg = Debug|Any CPU
		{9BFAA8D2-F8E6-4507-924B-BA3DAE6524A2}.Debug|Any CPU.Build.0 = Debug|Any CPU
		{9BFAA8D2-F8E6-4507-924B-BA3DAE6524A2}.Release|Any CPU.ActiveCfg = Release|Any CPU
		{9BFAA8D2-F8E6-4507-924B-BA3DAE6524A2}.Release|Any CPU.Build.0 = Release|Any CPU
	EndGlobalSection
	GlobalSection(SolutionProperties) = preSolution
		HideSolutionNode = FALSE
	EndGlobalSection
	GlobalSection(ExtensibilityGlobals) = postSolution
		SolutionGuid = {2315E9AE-4B4D-4C57-847B-827DAC68A072}
	EndGlobalSection
EndGlobal
